{
  "name": "getArticleDetail",
  "version": "1.0.0",
  "lockfileVersion": 1,
  "requires": true,
  "dependencies": {
    "towxml": {
      "version": "2.1.4",
      "resolved": "https://registry.npm.taobao.org/towxml/download/towxml-2.1.4.tgz",
      "integrity": "sha1-ZbAsM42K9QF3+Copy8l0MTZD90s="
    }
  }
}
